
Microsoft Visual Studio Solution File, Format Version 12.00
# Visual Studio Version 17
VisualStudioVersion = 17.5.33627.172
MinimumVisualStudioVersion = 10.0.40219.1
Project("{FAE04EC0-301F-11D3-BF4B-00C04F79EFBC}") = "WinFormsApp2", "WinFormsApp2\WinFormsApp2.csproj", "{DB33EF12-D60D-443E-975F-7A2B1C1DFDBD}"
EndProject
Global
	GlobalSection(SolutionConfigurationPlatforms) = preSolution
		Debug|Any CPU = Debug|Any CPU
		Release|Any CPU = Release|Any CPU
	EndGlobalSection
	GlobalSection(ProjectConfigurationPlatforms) = postSolution
		{DB33EF12-D60D-443E-975F-7A2B1C1DFDBD}.Debug|Any CPU.ActiveCfg = Debug|Any CPU
		{DB33EF12-D60D-443E-975F-7A2B1C1DFDBD}.Debug|Any CPU.Build.0 = Debug|Any CPU
		{DB33EF12-D60D-443E-975F-7A2B1C1DFDBD}.Release|Any CPU.ActiveCfg = Release|Any CPU
		{DB33EF12-D60D-443E-975F-7A2B1C1DFDBD}.Release|Any CPU.Build.0 = Release|Any CPU
	EndGlobalSection
	GlobalSection(SolutionProperties) = preSolution
		HideSolutionNode = FALSE
	EndGlobalSection
	GlobalSection(ExtensibilityGlobals) = postSolution
		SolutionGuid = {1CC1CC7B-63CB-4FF7-90B7-8BD18D6386B8}
	EndGlobalSection
EndGlobal
